// !$*UTF8*$!
{
	archiveVersion = 1;
	classes = {
	};
	objectVersion = 56;
	objects = {

/* Begin PBXBuildFile section */
		CC195A542BAC36C9002F2CA3 /* AiryAIApp.swift in Sources */ = {isa = PBXBuildFile; fileRef = CC195A532BAC36C9002F2CA3 /* AiryAIApp.swift */; };
		CC195A562BAC36C9002F2CA3 /* MainView.swift in Sources */ = {isa = PBXBuildFile; fileRef = CC195A552BAC36C9002F2CA3 /* MainView.swift */; };
		CC195A582BAC36CA002F2CA3 /* Assets.xcassets in Resources */ = {isa = PBXBuildFile; fileRef = CC195A572BAC36CA002F2CA3 /* Assets.xcassets */; };
		CC195A5B2BAC36CA002F2CA3 /* Preview Assets.xcassets in Resources */ = {isa = PBXBuildFile; fileRef = CC195A5A2BAC36CA002F2CA3 /* Preview Assets.xcassets */; };
		CC5A8D992BAEAA2B004E53D5 /* ChatHistoryViewModel.swift in Sources */ = {isa = PBXBuildFile; fileRef = CC5A8D982BAEAA2B004E53D5 /* ChatHistoryViewModel.swift */; };
		CC5A8D9B2BAEB0E3004E53D5 /* ChatHistoryConversationView.swift in Sources */ = {isa = PBXBuildFile; fileRef = CC5A8D9A2BAEB0E3004E53D5 /* ChatHistoryConversationView.swift */; };
		CC84A1732BADCE240040B837 /* ChatBubbleShape.swift in Sources */ = {isa = PBXBuildFile; fileRef = CC84A1722BADCE240040B837 /* ChatBubbleShape.swift */; };
		CC89C4972BAD29060093F612 /* ChatView.swift in Sources */ = {isa = PBXBuildFile; fileRef = CC89C4962BAD29050093F612 /* ChatView.swift */; };
		CC89C4992BAD29320093F612 /* AssistantView.swift in Sources */ = {isa = PBXBuildFile; fileRef = CC89C4982BAD29320093F612 /* AssistantView.swift */; };
		CC89C49B2BAD29450093F612 /* ChatHistoryView.swift in Sources */ = {isa = PBXBuildFile; fileRef = CC89C49A2BAD29450093F612 /* ChatHistoryView.swift */; };
		CC89C49D2BAD2F9F0093F612 /* SettingsView.swift in Sources */ = {isa = PBXBuildFile; fileRef = CC89C49C2BAD2F9F0093F612 /* SettingsView.swift */; };
		CC89C49F2BAD35C30093F612 /* TabWithToolbarView.swift in Sources */ = {isa = PBXBuildFile; fileRef = CC89C49E2BAD35C30093F612 /* TabWithToolbarView.swift */; };
		CC89C4A32BAD71CE0093F612 /* APIKey.swift in Sources */ = {isa = PBXBuildFile; fileRef = CC89C4A22BAD71CE0093F612 /* APIKey.swift */; };
		CC89C4A62BAD73E00093F612 /* GoogleGenerativeAI in Frameworks */ = {isa = PBXBuildFile; productRef = CC89C4A52BAD73E00093F612 /* GoogleGenerativeAI */; };
		CC89C4A82BAD74D80093F612 /* ChatViewModel.swift in Sources */ = {isa = PBXBuildFile; fileRef = CC89C4A72BAD74D80093F612 /* ChatViewModel.swift */; };
		CC89C4AA2BAD78B90093F612 /* GenerativeAI-Info.plist in Resources */ = {isa = PBXBuildFile; fileRef = CC89C4A92BAD78B90093F612 /* GenerativeAI-Info.plist */; };
		CC89C4AE2BAD89380093F612 /* Chat.swift in Sources */ = {isa = PBXBuildFile; fileRef = CC89C4AD2BAD89380093F612 /* Chat.swift */; };
		CC89C4B02BAD93980093F612 /* ChatBubbleView.swift in Sources */ = {isa = PBXBuildFile; fileRef = CC89C4AF2BAD93980093F612 /* ChatBubbleView.swift */; };
		CC974CBE2BAC5BAD00B37129 /* Extensions.swift in Sources */ = {isa = PBXBuildFile; fileRef = CC974CBD2BAC5BAD00B37129 /* Extensions.swift */; };
		CC974CC12BAC5C7000B37129 /* FirebaseAnalytics in Frameworks */ = {isa = PBXBuildFile; productRef = CC974CC02BAC5C7000B37129 /* FirebaseAnalytics */; };
		CC974CC32BAC5C7000B37129 /* FirebaseAnalyticsOnDeviceConversion in Frameworks */ = {isa = PBXBuildFile; productRef = CC974CC22BAC5C7000B37129 /* FirebaseAnalyticsOnDeviceConversion */; };
		CC974CC52BAC5C7000B37129 /* FirebaseAnalyticsSwift in Frameworks */ = {isa = PBXBuildFile; productRef = CC974CC42BAC5C7000B37129 /* FirebaseAnalyticsSwift */; };
		CC974CC72BAC5C7000B37129 /* FirebaseAnalyticsWithoutAdIdSupport in Frameworks */ = {isa = PBXBuildFile; productRef = CC974CC62BAC5C7000B37129 /* FirebaseAnalyticsWithoutAdIdSupport */; };
		CC974CC92BAC5C7000B37129 /* FirebaseAppCheck in Frameworks */ = {isa = PBXBuildFile; productRef = CC974CC82BAC5C7000B37129 /* FirebaseAppCheck */; };
		CC974CCB2BAC5C7000B37129 /* FirebaseAppDistribution-Beta in Frameworks */ = {isa = PBXBuildFile; productRef = CC974CCA2BAC5C7000B37129 /* FirebaseAppDistribution-Beta */; };
		CC974CCD2BAC5C7000B37129 /* FirebaseAuth in Frameworks */ = {isa = PBXBuildFile; productRef = CC974CCC2BAC5C7000B37129 /* FirebaseAuth */; };
		CC974CCF2BAC5C7000B37129 /* FirebaseAuthCombine-Community in Frameworks */ = {isa = PBXBuildFile; productRef = CC974CCE2BAC5C7000B37129 /* FirebaseAuthCombine-Community */; };
		CC974CD12BAC5C7000B37129 /* FirebaseCrashlytics in Frameworks */ = {isa = PBXBuildFile; productRef = CC974CD02BAC5C7000B37129 /* FirebaseCrashlytics */; };
		CC974CD32BAC5C7000B37129 /* FirebaseDatabase in Frameworks */ = {isa = PBXBuildFile; productRef = CC974CD22BAC5C7000B37129 /* FirebaseDatabase */; };
		CC974CD52BAC5C7000B37129 /* FirebaseDatabaseSwift in Frameworks */ = {isa = PBXBuildFile; productRef = CC974CD42BAC5C7000B37129 /* FirebaseDatabaseSwift */; };
		CC974CD72BAC5C7000B37129 /* FirebaseDynamicLinks in Frameworks */ = {isa = PBXBuildFile; productRef = CC974CD62BAC5C7000B37129 /* FirebaseDynamicLinks */; };
		CC974CD92BAC5C7000B37129 /* FirebaseFirestore in Frameworks */ = {isa = PBXBuildFile; productRef = CC974CD82BAC5C7000B37129 /* FirebaseFirestore */; };
		CC974CDB2BAC5C7000B37129 /* FirebaseFirestoreCombine-Community in Frameworks */ = {isa = PBXBuildFile; productRef = CC974CDA2BAC5C7000B37129 /* FirebaseFirestoreCombine-Community */; };
		CC974CDD2BAC5C7000B37129 /* FirebaseFirestoreSwift in Frameworks */ = {isa = PBXBuildFile; productRef = CC974CDC2BAC5C7000B37129 /* FirebaseFirestoreSwift */; };
		CC974CDF2BAC5C7000B37129 /* FirebaseFunctions in Frameworks */ = {isa = PBXBuildFile; productRef = CC974CDE2BAC5C7000B37129 /* FirebaseFunctions */; };
		CC974CE12BAC5C7000B37129 /* FirebaseFunctionsCombine-Community in Frameworks */ = {isa = PBXBuildFile; productRef = CC974CE02BAC5C7000B37129 /* FirebaseFunctionsCombine-Community */; };
		CC974CE32BAC5C7000B37129 /* FirebaseInAppMessaging-Beta in Frameworks */ = {isa = PBXBuildFile; productRef = CC974CE22BAC5C7000B37129 /* FirebaseInAppMessaging-Beta */; };
		CC974CE52BAC5C7000B37129 /* FirebaseInAppMessagingSwift-Beta in Frameworks */ = {isa = PBXBuildFile; productRef = CC974CE42BAC5C7000B37129 /* FirebaseInAppMessagingSwift-Beta */; };
		CC974CE72BAC5C7000B37129 /* FirebaseInstallations in Frameworks */ = {isa = PBXBuildFile; productRef = CC974CE62BAC5C7000B37129 /* FirebaseInstallations */; };
		CC974CE92BAC5C7000B37129 /* FirebaseMLModelDownloader in Frameworks */ = {isa = PBXBuildFile; productRef = CC974CE82BAC5C7000B37129 /* FirebaseMLModelDownloader */; };
		CC974CEB2BAC5C7000B37129 /* FirebaseMessaging in Frameworks */ = {isa = PBXBuildFile; productRef = CC974CEA2BAC5C7000B37129 /* FirebaseMessaging */; };
		CC974CED2BAC5C7000B37129 /* FirebasePerformance in Frameworks */ = {isa = PBXBuildFile; productRef = CC974CEC2BAC5C7000B37129 /* FirebasePerformance */; };
		CC974CEF2BAC5C7000B37129 /* FirebaseRemoteConfig in Frameworks */ = {isa = PBXBuildFile; productRef = CC974CEE2BAC5C7000B37129 /* FirebaseRemoteConfig */; };
		CC974CF12BAC5C7000B37129 /* FirebaseRemoteConfigSwift in Frameworks */ = {isa = PBXBuildFile; productRef = CC974CF02BAC5C7000B37129 /* FirebaseRemoteConfigSwift */; };
		CC974CF32BAC5C7000B37129 /* FirebaseStorage in Frameworks */ = {isa = PBXBuildFile; productRef = CC974CF22BAC5C7000B37129 /* FirebaseStorage */; };
		CC974CF52BAC5C7000B37129 /* FirebaseStorageCombine-Community in Frameworks */ = {isa = PBXBuildFile; productRef = CC974CF42BAC5C7000B37129 /* FirebaseStorageCombine-Community */; };
		CC974CF82BAC5C8B00B37129 /* GoogleSignIn in Frameworks */ = {isa = PBXBuildFile; productRef = CC974CF72BAC5C8B00B37129 /* GoogleSignIn */; };
		CC974CFA2BAC5C8B00B37129 /* GoogleSignInSwift in Frameworks */ = {isa = PBXBuildFile; productRef = CC974CF92BAC5C8B00B37129 /* GoogleSignInSwift */; };
		CC974CFF2BAC5CE000B37129 /* LoginView.swift in Sources */ = {isa = PBXBuildFile; fileRef = CC974CFE2BAC5CE000B37129 /* LoginView.swift */; };
		CC974D012BAC5CED00B37129 /* SignupView.swift in Sources */ = {isa = PBXBuildFile; fileRef = CC974D002BAC5CED00B37129 /* SignupView.swift */; };
		CC974D032BAC5D1600B37129 /* AuthenticationViewModel.swift in Sources */ = {isa = PBXBuildFile; fileRef = CC974D022BAC5D1600B37129 /* AuthenticationViewModel.swift */; };
		CC974D052BAC5D2700B37129 /* AAIUser.swift in Sources */ = {isa = PBXBuildFile; fileRef = CC974D042BAC5D2700B37129 /* AAIUser.swift */; };
		CC974D0E2BAC6C8B00B37129 /* GoogleService-Info.plist in Resources */ = {isa = PBXBuildFile; fileRef = CC974D0D2BAC6C8B00B37129 /* GoogleService-Info.plist */; };
/* End PBXBuildFile section */

/* Begin PBXFileReference section */
		CC195A502BAC36C9002F2CA3 /* AiryAI.app */ = {isa = PBXFileReference; explicitFileType = wrapper.application; includeInIndex = 0; path = AiryAI.app; sourceTree = BUILT_PRODUCTS_DIR; };
		CC195A532BAC36C9002F2CA3 /* AiryAIApp.swift */ = {isa = PBXFileReference; lastKnownFileType = sourcecode.swift; path = AiryAIApp.swift; sourceTree = "<group>"; };
		CC195A552BAC36C9002F2CA3 /* MainView.swift */ = {isa = PBXFileReference; lastKnownFileType = sourcecode.swift; path = MainView.swift; sourceTree = "<group>"; };
		CC195A572BAC36CA002F2CA3 /* Assets.xcassets */ = {isa = PBXFileReference; lastKnownFileType = folder.assetcatalog; path = Assets.xcassets; sourceTree = "<group>"; };
		CC195A5A2BAC36CA002F2CA3 /* Preview Assets.xcassets */ = {isa = PBXFileReference; lastKnownFileType = folder.assetcatalog; path = "Preview Assets.xcassets"; sourceTree = "<group>"; };
		CC5A8D982BAEAA2B004E53D5 /* ChatHistoryViewModel.swift */ = {isa = PBXFileReference; lastKnownFileType = sourcecode.swift; path = ChatHistoryViewModel.swift; sourceTree = "<group>"; };
		CC5A8D9A2BAEB0E3004E53D5 /* ChatHistoryConversationView.swift */ = {isa = PBXFileReference; lastKnownFileType = sourcecode.swift; path = ChatHistoryConversationView.swift; sourceTree = "<group>"; };
		CC84A1722BADCE240040B837 /* ChatBubbleShape.swift */ = {isa = PBXFileReference; fileEncoding = 4; lastKnownFileType = sourcecode.swift; path = ChatBubbleShape.swift; sourceTree = "<group>"; };
		CC89C4962BAD29050093F612 /* ChatView.swift */ = {isa = PBXFileReference; lastKnownFileType = sourcecode.swift; path = ChatView.swift; sourceTree = "<group>"; };
		CC89C4982BAD29320093F612 /* AssistantView.swift */ = {isa = PBXFileReference; lastKnownFileType = sourcecode.swift; path = AssistantView.swift; sourceTree = "<group>"; };
		CC89C49A2BAD29450093F612 /* ChatHistoryView.swift */ = {isa = PBXFileReference; lastKnownFileType = sourcecode.swift; path = ChatHistoryView.swift; sourceTree = "<group>"; };
		CC89C49C2BAD2F9F0093F612 /* SettingsView.swift */ = {isa = PBXFileReference; lastKnownFileType = sourcecode.swift; path = SettingsView.swift; sourceTree = "<group>"; };
		CC89C49E2BAD35C30093F612 /* TabWithToolbarView.swift */ = {isa = PBXFileReference; lastKnownFileType = sourcecode.swift; path = TabWithToolbarView.swift; sourceTree = "<group>"; };
		CC89C4A22BAD71CE0093F612 /* APIKey.swift */ = {isa = PBXFileReference; lastKnownFileType = sourcecode.swift; path = APIKey.swift; sourceTree = "<group>"; };
		CC89C4A72BAD74D80093F612 /* ChatViewModel.swift */ = {isa = PBXFileReference; lastKnownFileType = sourcecode.swift; path = ChatViewModel.swift; sourceTree = "<group>"; };
		CC89C4A92BAD78B90093F612 /* GenerativeAI-Info.plist */ = {isa = PBXFileReference; lastKnownFileType = text.plist.xml; path = "GenerativeAI-Info.plist"; sourceTree = "<group>"; };
		CC89C4AD2BAD89380093F612 /* Chat.swift */ = {isa = PBXFileReference; lastKnownFileType = sourcecode.swift; path = Chat.swift; sourceTree = "<group>"; };
		CC89C4AF2BAD93980093F612 /* ChatBubbleView.swift */ = {isa = PBXFileReference; lastKnownFileType = sourcecode.swift; path = ChatBubbleView.swift; sourceTree = "<group>"; };
		CC974CBD2BAC5BAD00B37129 /* Extensions.swift */ = {isa = PBXFileReference; lastKnownFileType = sourcecode.swift; path = Extensions.swift; sourceTree = "<group>"; };
		CC974CFE2BAC5CE000B37129 /* LoginView.swift */ = {isa = PBXFileReference; lastKnownFileType = sourcecode.swift; path = LoginView.swift; sourceTree = "<group>"; };
		CC974D002BAC5CED00B37129 /* SignupView.swift */ = {isa = PBXFileReference; lastKnownFileType = sourcecode.swift; path = SignupView.swift; sourceTree = "<group>"; };
		CC974D022BAC5D1600B37129 /* AuthenticationViewModel.swift */ = {isa = PBXFileReference; lastKnownFileType = sourcecode.swift; path = AuthenticationViewModel.swift; sourceTree = "<group>"; };
		CC974D042BAC5D2700B37129 /* AAIUser.swift */ = {isa = PBXFileReference; lastKnownFileType = sourcecode.swift; path = AAIUser.swift; sourceTree = "<group>"; };
		CC974D0D2BAC6C8B00B37129 /* GoogleService-Info.plist */ = {isa = PBXFileReference; fileEncoding = 4; lastKnownFileType = text.plist.xml; path = "GoogleService-Info.plist"; sourceTree = "<group>"; };
		CC974D0F2BAC703500B37129 /* Info.plist */ = {isa = PBXFileReference; lastKnownFileType = text.plist; path = Info.plist; sourceTree = "<group>"; };
/* End PBXFileReference section */

/* Begin PBXFrameworksBuildPhase section */
		CC195A4D2BAC36C9002F2CA3 /* Frameworks */ = {
			isa = PBXFrameworksBuildPhase;
			buildActionMask = 2147483647;
			files = (
				CC974CD32BAC5C7000B37129 /* FirebaseDatabase in Frameworks */,
				CC974CE12BAC5C7000B37129 /* FirebaseFunctionsCombine-Community in Frameworks */,
				CC974CD92BAC5C7000B37129 /* FirebaseFirestore in Frameworks */,
				CC974CC52BAC5C7000B37129 /* FirebaseAnalyticsSwift in Frameworks */,
				CC974CC12BAC5C7000B37129 /* FirebaseAnalytics in Frameworks */,
				CC974CC32BAC5C7000B37129 /* FirebaseAnalyticsOnDeviceConversion in Frameworks */,
				CC974CE92BAC5C7000B37129 /* FirebaseMLModelDownloader in Frameworks */,
				CC974CFA2BAC5C8B00B37129 /* GoogleSignInSwift in Frameworks */,
				CC974CDD2BAC5C7000B37129 /* FirebaseFirestoreSwift in Frameworks */,
				CC974CC92BAC5C7000B37129 /* FirebaseAppCheck in Frameworks */,
				CC974CC72BAC5C7000B37129 /* FirebaseAnalyticsWithoutAdIdSupport in Frameworks */,
				CC974CCD2BAC5C7000B37129 /* FirebaseAuth in Frameworks */,
				CC974CD12BAC5C7000B37129 /* FirebaseCrashlytics in Frameworks */,
				CC974CF12BAC5C7000B37129 /* FirebaseRemoteConfigSwift in Frameworks */,
				CC974CF82BAC5C8B00B37129 /* GoogleSignIn in Frameworks */,
				CC89C4A62BAD73E00093F612 /* GoogleGenerativeAI in Frameworks */,
				CC974CE32BAC5C7000B37129 /* FirebaseInAppMessaging-Beta in Frameworks */,
				CC974CD52BAC5C7000B37129 /* FirebaseDatabaseSwift in Frameworks */,
				CC974CDF2BAC5C7000B37129 /* FirebaseFunctions in Frameworks */,
				CC974CF52BAC5C7000B37129 /* FirebaseStorageCombine-Community in Frameworks */,
				CC974CEF2BAC5C7000B37129 /* FirebaseRemoteConfig in Frameworks */,
				CC974CCB2BAC5C7000B37129 /* FirebaseAppDistribution-Beta in Frameworks */,
				CC974CCF2BAC5C7000B37129 /* FirebaseAuthCombine-Community in Frameworks */,
				CC974CED2BAC5C7000B37129 /* FirebasePerformance in Frameworks */,
				CC974CE52BAC5C7000B37129 /* FirebaseInAppMessagingSwift-Beta in Frameworks */,
				CC974CF32BAC5C7000B37129 /* FirebaseStorage in Frameworks */,
				CC974CD72BAC5C7000B37129 /* FirebaseDynamicLinks in Frameworks */,
				CC974CDB2BAC5C7000B37129 /* FirebaseFirestoreCombine-Community in Frameworks */,
				CC974CEB2BAC5C7000B37129 /* FirebaseMessaging in Frameworks */,
				CC974CE72BAC5C7000B37129 /* FirebaseInstallations in Frameworks */,
			);
			runOnlyForDeploymentPostprocessing = 0;
		};
/* End PBXFrameworksBuildPhase section */

/* Begin PBXGroup section */
		CC195A472BAC36C8002F2CA3 = {
			isa = PBXGroup;
			children = (
				CC195A522BAC36C9002F2CA3 /* AiryAI */,
				CC195A512BAC36C9002F2CA3 /* Products */,
			);
			sourceTree = "<group>";
		};
		CC195A512BAC36C9002F2CA3 /* Products */ = {
			isa = PBXGroup;
			children = (
				CC195A502BAC36C9002F2CA3 /* AiryAI.app */,
			);
			name = Products;
			sourceTree = "<group>";
		};
		CC195A522BAC36C9002F2CA3 /* AiryAI */ = {
			isa = PBXGroup;
			children = (
				CC974D0F2BAC703500B37129 /* Info.plist */,
				CC195A572BAC36CA002F2CA3 /* Assets.xcassets */,
				CC974D0D2BAC6C8B00B37129 /* GoogleService-Info.plist */,
				CC89C4A92BAD78B90093F612 /* GenerativeAI-Info.plist */,
				CC195A532BAC36C9002F2CA3 /* AiryAIApp.swift */,
				CC195A552BAC36C9002F2CA3 /* MainView.swift */,
				CC974CFD2BAC5CBE00B37129 /* ViewModel */,
				CC974CFC2BAC5CB700B37129 /* View */,
				CC974CFB2BAC5CAE00B37129 /* Model */,
				CC974CBC2BAC5B9E00B37129 /* Utilities */,
				CC195A592BAC36CA002F2CA3 /* Preview Content */,
			);
			path = AiryAI;
			sourceTree = "<group>";
		};
		CC195A592BAC36CA002F2CA3 /* Preview Content */ = {
			isa = PBXGroup;
			children = (
				CC195A5A2BAC36CA002F2CA3 /* Preview Assets.xcassets */,
			);
			path = "Preview Content";
			sourceTree = "<group>";
		};
		CC974CBC2BAC5B9E00B37129 /* Utilities */ = {
			isa = PBXGroup;
			children = (
				CC974CBD2BAC5BAD00B37129 /* Extensions.swift */,
			);
			path = Utilities;
			sourceTree = "<group>";
		};
		CC974CFB2BAC5CAE00B37129 /* Model */ = {
			isa = PBXGroup;
			children = (
				CC974D042BAC5D2700B37129 /* AAIUser.swift */,
				CC89C4AD2BAD89380093F612 /* Chat.swift */,
			);
			path = Model;
			sourceTree = "<group>";
		};
		CC974CFC2BAC5CB700B37129 /* View */ = {
			isa = PBXGroup;
			children = (
				CC974CFE2BAC5CE000B37129 /* LoginView.swift */,
				CC974D002BAC5CED00B37129 /* SignupView.swift */,
				CC89C4962BAD29050093F612 /* ChatView.swift */,
				CC89C4982BAD29320093F612 /* AssistantView.swift */,
				CC89C49A2BAD29450093F612 /* ChatHistoryView.swift */,
				CC89C49C2BAD2F9F0093F612 /* SettingsView.swift */,
				CC89C49E2BAD35C30093F612 /* TabWithToolbarView.swift */,
				CC89C4A22BAD71CE0093F612 /* APIKey.swift */,
				CC84A1722BADCE240040B837 /* ChatBubbleShape.swift */,
				CC89C4AF2BAD93980093F612 /* ChatBubbleView.swift */,
				CC5A8D9A2BAEB0E3004E53D5 /* ChatHistoryConversationView.swift */,
			);
			path = View;
			sourceTree = "<group>";
		};
		CC974CFD2BAC5CBE00B37129 /* ViewModel */ = {
			isa = PBXGroup;
			children = (
				CC974D022BAC5D1600B37129 /* AuthenticationViewModel.swift */,
				CC89C4A72BAD74D80093F612 /* ChatViewModel.swift */,
				CC5A8D982BAEAA2B004E53D5 /* ChatHistoryViewModel.swift */,
			);
			path = ViewModel;
			sourceTree = "<group>";
		};
/* End PBXGroup section */

/* Begin PBXNativeTarget section */
		CC195A4F2BAC36C9002F2CA3 /* AiryAI */ = {
			isa = PBXNativeTarget;
			buildConfigurationList = CC195A5E2BAC36CA002F2CA3 /* Build configuration list for PBXNativeTarget "AiryAI" */;
			buildPhases = (
				CC195A4C2BAC36C9002F2CA3 /* Sources */,
				CC195A4D2BAC36C9002F2CA3 /* Frameworks */,
				CC195A4E2BAC36C9002F2CA3 /* Resources */,
			);
			buildRules = (
			);
			dependencies = (
			);
			name = AiryAI;
			packageProductDependencies = (
				CC974CC02BAC5C7000B37129 /* FirebaseAnalytics */,
				CC974CC22BAC5C7000B37129 /* FirebaseAnalyticsOnDeviceConversion */,
				CC974CC42BAC5C7000B37129 /* FirebaseAnalyticsSwift */,
				CC974CC62BAC5C7000B37129 /* FirebaseAnalyticsWithoutAdIdSupport */,
				CC974CC82BAC5C7000B37129 /* FirebaseAppCheck */,
				CC974CCA2BAC5C7000B37129 /* FirebaseAppDistribution-Beta */,
				CC974CCC2BAC5C7000B37129 /* FirebaseAuth */,
				CC974CCE2BAC5C7000B37129 /* FirebaseAuthCombine-Community */,
				CC974CD02BAC5C7000B37129 /* FirebaseCrashlytics */,
				CC974CD22BAC5C7000B37129 /* FirebaseDatabase */,
				CC974CD42BAC5C7000B37129 /* FirebaseDatabaseSwift */,
				CC974CD62BAC5C7000B37129 /* FirebaseDynamicLinks */,
				CC974CD82BAC5C7000B37129 /* FirebaseFirestore */,
				CC974CDA2BAC5C7000B37129 /* FirebaseFirestoreCombine-Community */,
				CC974CDC2BAC5C7000B37129 /* FirebaseFirestoreSwift */,
				CC974CDE2BAC5C7000B37129 /* FirebaseFunctions */,
				CC974CE02BAC5C7000B37129 /* FirebaseFunctionsCombine-Community */,
				CC974CE22BAC5C7000B37129 /* FirebaseInAppMessaging-Beta */,
				CC974CE42BAC5C7000B37129 /* FirebaseInAppMessagingSwift-Beta */,
				CC974CE62BAC5C7000B37129 /* FirebaseInstallations */,
				CC974CE82BAC5C7000B37129 /* FirebaseMLModelDownloader */,
				CC974CEA2BAC5C7000B37129 /* FirebaseMessaging */,
				CC974CEC2BAC5C7000B37129 /* FirebasePerformance */,
				CC974CEE2BAC5C7000B37129 /* FirebaseRemoteConfig */,
				CC974CF02BAC5C7000B37129 /* FirebaseRemoteConfigSwift */,
				CC974CF22BAC5C7000B37129 /* FirebaseStorage */,
				CC974CF42BAC5C7000B37129 /* FirebaseStorageCombine-Community */,
				CC974CF72BAC5C8B00B37129 /* GoogleSignIn */,
				CC974CF92BAC5C8B00B37129 /* GoogleSignInSwift */,
				CC89C4A52BAD73E00093F612 /* GoogleGenerativeAI */,
			);
			productName = AiryAI;
			productReference = CC195A502BAC36C9002F2CA3 /* AiryAI.app */;
			productType = "com.apple.product-type.application";
		};
/* End PBXNativeTarget section */

/* Begin PBXProject section */
		CC195A482BAC36C8002F2CA3 /* Project object */ = {
			isa = PBXProject;
			attributes = {
				BuildIndependentTargetsInParallel = 1;
				LastSwiftUpdateCheck = 1520;
				LastUpgradeCheck = 1520;
				TargetAttributes = {
					CC195A4F2BAC36C9002F2CA3 = {
						CreatedOnToolsVersion = 15.2;
					};
				};
			};
			buildConfigurationList = CC195A4B2BAC36C8002F2CA3 /* Build configuration list for PBXProject "AiryAI" */;
			compatibilityVersion = "Xcode 14.0";
			developmentRegion = en;
			hasScannedForEncodings = 0;
			knownRegions = (
				en,
				Base,
			);
			mainGroup = CC195A472BAC36C8002F2CA3;
			packageReferences = (
				CC974CBF2BAC5C7000B37129 /* XCRemoteSwiftPackageReference "firebase-ios-sdk" */,
				CC974CF62BAC5C8B00B37129 /* XCRemoteSwiftPackageReference "GoogleSignIn-iOS" */,
				CC974D062BAC609D00B37129 /* XCRemoteSwiftPackageReference "spline-ios" */,
				CC89C4A42BAD73E00093F612 /* XCRemoteSwiftPackageReference "generative-ai-swift" */,
			);
			productRefGroup = CC195A512BAC36C9002F2CA3 /* Products */;
			projectDirPath = "";
			projectRoot = "";
			targets = (
				CC195A4F2BAC36C9002F2CA3 /* AiryAI */,
			);
		};
/* End PBXProject section */

/* Begin PBXResourcesBuildPhase section */
		CC195A4E2BAC36C9002F2CA3 /* Resources */ = {
			isa = PBXResourcesBuildPhase;
			buildActionMask = 2147483647;
			files = (
				CC195A5B2BAC36CA002F2CA3 /* Preview Assets.xcassets in Resources */,
				CC195A582BAC36CA002F2CA3 /* Assets.xcassets in Resources */,
				CC89C4AA2BAD78B90093F612 /* GenerativeAI-Info.plist in Resources */,
				CC974D0E2BAC6C8B00B37129 /* GoogleService-Info.plist in Resources */,
			);
			runOnlyForDeploymentPostprocessing = 0;
		};
/* End PBXResourcesBuildPhase section */

/* Begin PBXSourcesBuildPhase section */
		CC195A4C2BAC36C9002F2CA3 /* Sources */ = {
			isa = PBXSourcesBuildPhase;
			buildActionMask = 2147483647;
			files = (
				CC89C49F2BAD35C30093F612 /* TabWithToolbarView.swift in Sources */,
				CC974D032BAC5D1600B37129 /* AuthenticationViewModel.swift in Sources */,
				CC89C4992BAD29320093F612 /* AssistantView.swift in Sources */,
				CC195A562BAC36C9002F2CA3 /* MainView.swift in Sources */,
				CC89C49B2BAD29450093F612 /* ChatHistoryView.swift in Sources */,
				CC974D052BAC5D2700B37129 /* AAIUser.swift in Sources */,
				CC89C4B02BAD93980093F612 /* ChatBubbleView.swift in Sources */,
				CC974CBE2BAC5BAD00B37129 /* Extensions.swift in Sources */,
				CC89C4972BAD29060093F612 /* ChatView.swift in Sources */,
				CC5A8D9B2BAEB0E3004E53D5 /* ChatHistoryConversationView.swift in Sources */,
				CC5A8D992BAEAA2B004E53D5 /* ChatHistoryViewModel.swift in Sources */,
				CC89C4A82BAD74D80093F612 /* ChatViewModel.swift in Sources */,
				CC974D012BAC5CED00B37129 /* SignupView.swift in Sources */,
				CC974CFF2BAC5CE000B37129 /* LoginView.swift in Sources */,
				CC84A1732BADCE240040B837 /* ChatBubbleShape.swift in Sources */,
				CC195A542BAC36C9002F2CA3 /* AiryAIApp.swift in Sources */,
				CC89C4A32BAD71CE0093F612 /* APIKey.swift in Sources */,
				CC89C4AE2BAD89380093F612 /* Chat.swift in Sources */,
				CC89C49D2BAD2F9F0093F612 /* SettingsView.swift in Sources */,
			);
			runOnlyForDeploymentPostprocessing = 0;
		};
/* End PBXSourcesBuildPhase section */

/* Begin XCBuildConfiguration section */
		CC195A5C2BAC36CA002F2CA3 /* Debug */ = {
			isa = XCBuildConfiguration;
			buildSettings = {
				ALWAYS_SEARCH_USER_PATHS = NO;
				ASSETCATALOG_COMPILER_GENERATE_SWIFT_ASSET_SYMBOL_EXTENSIONS = YES;
				CLANG_ANALYZER_NONNULL = YES;
				CLANG_ANALYZER_NUMBER_OBJECT_CONVERSION = YES_AGGRESSIVE;
				CLANG_CXX_LANGUAGE_STANDARD = "gnu++20";
				CLANG_ENABLE_MODULES = YES;
				CLANG_ENABLE_OBJC_ARC = YES;
				CLANG_ENABLE_OBJC_WEAK = YES;
				CLANG_WARN_BLOCK_CAPTURE_AUTORELEASING = YES;
				CLANG_WARN_BOOL_CONVERSION = YES;
				CLANG_WARN_COMMA = YES;
				CLANG_WARN_CONSTANT_CONVERSION = YES;
				CLANG_WARN_DEPRECATED_OBJC_IMPLEMENTATIONS = YES;
				CLANG_WARN_DIRECT_OBJC_ISA_USAGE = YES_ERROR;
				CLANG_WARN_DOCUMENTATION_COMMENTS = YES;
				CLANG_WARN_EMPTY_BODY = YES;
				CLANG_WARN_ENUM_CONVERSION = YES;
				CLANG_WARN_INFINITE_RECURSION = YES;
				CLANG_WARN_INT_CONVERSION = YES;
				CLANG_WARN_NON_LITERAL_NULL_CONVERSION = YES;
				CLANG_WARN_OBJC_IMPLICIT_RETAIN_SELF = YES;
				CLANG_WARN_OBJC_LITERAL_CONVERSION = YES;
				CLANG_WARN_OBJC_ROOT_CLASS = YES_ERROR;
				CLANG_WARN_QUOTED_INCLUDE_IN_FRAMEWORK_HEADER = YES;
				CLANG_WARN_RANGE_LOOP_ANALYSIS = YES;
				CLANG_WARN_STRICT_PROTOTYPES = YES;
				CLANG_WARN_SUSPICIOUS_MOVE = YES;
				CLANG_WARN_UNGUARDED_AVAILABILITY = YES_AGGRESSIVE;
				CLANG_WARN_UNREACHABLE_CODE = YES;
				CLANG_WARN__DUPLICATE_METHOD_MATCH = YES;
				COPY_PHASE_STRIP = NO;
				DEBUG_INFORMATION_FORMAT = dwarf;
				ENABLE_STRICT_OBJC_MSGSEND = YES;
				ENABLE_TESTABILITY = YES;
				ENABLE_USER_SCRIPT_SANDBOXING = YES;
				GCC_C_LANGUAGE_STANDARD = gnu17;
				GCC_DYNAMIC_NO_PIC = NO;
				GCC_NO_COMMON_BLOCKS = YES;
				GCC_OPTIMIZATION_LEVEL = 0;
				GCC_PREPROCESSOR_DEFINITIONS = (
					"DEBUG=1",
					"$(inherited)",
				);
				GCC_WARN_64_TO_32_BIT_CONVERSION = YES;
				GCC_WARN_ABOUT_RETURN_TYPE = YES_ERROR;
				GCC_WARN_UNDECLARED_SELECTOR = YES;
				GCC_WARN_UNINITIALIZED_AUTOS = YES_AGGRESSIVE;
				GCC_WARN_UNUSED_FUNCTION = YES;
				GCC_WARN_UNUSED_VARIABLE = YES;
				IPHONEOS_DEPLOYMENT_TARGET = 17.2;
				LOCALIZATION_PREFERS_STRING_CATALOGS = YES;
				MTL_ENABLE_DEBUG_INFO = INCLUDE_SOURCE;
				MTL_FAST_MATH = YES;
				ONLY_ACTIVE_ARCH = YES;
				SDKROOT = iphoneos;
				SWIFT_ACTIVE_COMPILATION_CONDITIONS = "DEBUG $(inherited)";
				SWIFT_OPTIMIZATION_LEVEL = "-Onone";
			};
			name = Debug;
		};
		CC195A5D2BAC36CA002F2CA3 /* Release */ = {
			isa = XCBuildConfiguration;
			buildSettings = {
				ALWAYS_SEARCH_USER_PATHS = NO;
				ASSETCATALOG_COMPILER_GENERATE_SWIFT_ASSET_SYMBOL_EXTENSIONS = YES;
				CLANG_ANALYZER_NONNULL = YES;
				CLANG_ANALYZER_NUMBER_OBJECT_CONVERSION = YES_AGGRESSIVE;
				CLANG_CXX_LANGUAGE_STANDARD = "gnu++20";
				CLANG_ENABLE_MODULES = YES;
				CLANG_ENABLE_OBJC_ARC = YES;
				CLANG_ENABLE_OBJC_WEAK = YES;
				CLANG_WARN_BLOCK_CAPTURE_AUTORELEASING = YES;
				CLANG_WARN_BOOL_CONVERSION = YES;
				CLANG_WARN_COMMA = YES;
				CLANG_WARN_CONSTANT_CONVERSION = YES;
				CLANG_WARN_DEPRECATED_OBJC_IMPLEMENTATIONS = YES;
				CLANG_WARN_DIRECT_OBJC_ISA_USAGE = YES_ERROR;
				CLANG_WARN_DOCUMENTATION_COMMENTS = YES;
				CLANG_WARN_EMPTY_BODY = YES;
				CLANG_WARN_ENUM_CONVERSION = YES;
				CLANG_WARN_INFINITE_RECURSION = YES;
				CLANG_WARN_INT_CONVERSION = YES;
				CLANG_WARN_NON_LITERAL_NULL_CONVERSION = YES;
				CLANG_WARN_OBJC_IMPLICIT_RETAIN_SELF = YES;
				CLANG_WARN_OBJC_LITERAL_CONVERSION = YES;
				CLANG_WARN_OBJC_ROOT_CLASS = YES_ERROR;
				CLANG_WARN_QUOTED_INCLUDE_IN_FRAMEWORK_HEADER = YES;
				CLANG_WARN_RANGE_LOOP_ANALYSIS = YES;
				CLANG_WARN_STRICT_PROTOTYPES = YES;
				CLANG_WARN_SUSPICIOUS_MOVE = YES;
				CLANG_WARN_UNGUARDED_AVAILABILITY = YES_AGGRESSIVE;
				CLANG_WARN_UNREACHABLE_CODE = YES;
				CLANG_WARN__DUPLICATE_METHOD_MATCH = YES;
				COPY_PHASE_STRIP = NO;
				DEBUG_INFORMATION_FORMAT = "dwarf-with-dsym";
				ENABLE_NS_ASSERTIONS = NO;
				ENABLE_STRICT_OBJC_MSGSEND = YES;
				ENABLE_USER_SCRIPT_SANDBOXING = YES;
				GCC_C_LANGUAGE_STANDARD = gnu17;
				GCC_NO_COMMON_BLOCKS = YES;
				GCC_WARN_64_TO_32_BIT_CONVERSION = YES;
				GCC_WARN_ABOUT_RETURN_TYPE = YES_ERROR;
				GCC_WARN_UNDECLARED_SELECTOR = YES;
				GCC_WARN_UNINITIALIZED_AUTOS = YES_AGGRESSIVE;
				GCC_WARN_UNUSED_FUNCTION = YES;
				GCC_WARN_UNUSED_VARIABLE = YES;
				IPHONEOS_DEPLOYMENT_TARGET = 17.2;
				LOCALIZATION_PREFERS_STRING_CATALOGS = YES;
				MTL_ENABLE_DEBUG_INFO = NO;
				MTL_FAST_MATH = YES;
				SDKROOT = iphoneos;
				SWIFT_COMPILATION_MODE = wholemodule;
				VALIDATE_PRODUCT = YES;
			};
			name = Release;
		};
		CC195A5F2BAC36CA002F2CA3 /* Debug */ = {
			isa = XCBuildConfiguration;
			buildSettings = {
				ASSETCATALOG_COMPILER_APPICON_NAME = AppIcon;
				ASSETCATALOG_COMPILER_GLOBAL_ACCENT_COLOR_NAME = AccentColor;
				CODE_SIGN_STYLE = Automatic;
				CURRENT_PROJECT_VERSION = 1;
				DEVELOPMENT_ASSET_PATHS = "\"AiryAI/Preview Content\"";
				DEVELOPMENT_TEAM = 792SAN8W5Y;
				ENABLE_PREVIEWS = YES;
				GENERATE_INFOPLIST_FILE = YES;
				INFOPLIST_FILE = AiryAI/Info.plist;
				INFOPLIST_KEY_UIApplicationSceneManifest_Generation = YES;
				INFOPLIST_KEY_UIApplicationSupportsIndirectInputEvents = YES;
				INFOPLIST_KEY_UILaunchScreen_Generation = YES;
				INFOPLIST_KEY_UISupportedInterfaceOrientations_iPad = "UIInterfaceOrientationPortrait UIInterfaceOrientationPortraitUpsideDown UIInterfaceOrientationLandscapeLeft UIInterfaceOrientationLandscapeRight";
				INFOPLIST_KEY_UISupportedInterfaceOrientations_iPhone = "UIInterfaceOrientationPortrait UIInterfaceOrientationLandscapeLeft UIInterfaceOrientationLandscapeRight";
				LD_RUNPATH_SEARCH_PATHS = (
					"$(inherited)",
					"@executable_path/Frameworks",
				);
				MARKETING_VERSION = 1.0;
				PRODUCT_BUNDLE_IDENTIFIER = krishmittal.AiryAI;
				PRODUCT_NAME = "$(TARGET_NAME)";
				SWIFT_EMIT_LOC_STRINGS = YES;
				SWIFT_VERSION = 5.0;
				TARGETED_DEVICE_FAMILY = "1,2";
			};
			name = Debug;
		};
		CC195A602BAC36CA002F2CA3 /* Release */ = {
			isa = XCBuildConfiguration;
			buildSettings = {
				ASSETCATALOG_COMPILER_APPICON_NAME = AppIcon;
				ASSETCATALOG_COMPILER_GLOBAL_ACCENT_COLOR_NAME = AccentColor;
				CODE_SIGN_STYLE = Automatic;
				CURRENT_PROJECT_VERSION = 1;
				DEVELOPMENT_ASSET_PATHS = "\"AiryAI/Preview Content\"";
				DEVELOPMENT_TEAM = 792SAN8W5Y;
				ENABLE_PREVIEWS = YES;
				GENERATE_INFOPLIST_FILE = YES;
				INFOPLIST_FILE = AiryAI/Info.plist;
				INFOPLIST_KEY_UIApplicationSceneManifest_Generation = YES;
				INFOPLIST_KEY_UIApplicationSupportsIndirectInputEvents = YES;
				INFOPLIST_KEY_UILaunchScreen_Generation = YES;
				INFOPLIST_KEY_UISupportedInterfaceOrientations_iPad = "UIInterfaceOrientationPortrait UIInterfaceOrientationPortraitUpsideDown UIInterfaceOrientationLandscapeLeft UIInterfaceOrientationLandscapeRight";
				INFOPLIST_KEY_UISupportedInterfaceOrientations_iPhone = "UIInterfaceOrientationPortrait UIInterfaceOrientationLandscapeLeft UIInterfaceOrientationLandscapeRight";
				LD_RUNPATH_SEARCH_PATHS = (
					"$(inherited)",
					"@executable_path/Frameworks",
				);
				MARKETING_VERSION = 1.0;
				PRODUCT_BUNDLE_IDENTIFIER = krishmittal.AiryAI;
				PRODUCT_NAME = "$(TARGET_NAME)";
				SWIFT_EMIT_LOC_STRINGS = YES;
				SWIFT_VERSION = 5.0;
				TARGETED_DEVICE_FAMILY = "1,2";
			};
			name = Release;
		};
/* End XCBuildConfiguration section */

/* Begin XCConfigurationList section */
		CC195A4B2BAC36C8002F2CA3 /* Build configuration list for PBXProject "AiryAI" */ = {
			isa = XCConfigurationList;
			buildConfigurations = (
				CC195A5C2BAC36CA002F2CA3 /* Debug */,
				CC195A5D2BAC36CA002F2CA3 /* Release */,
			);
			defaultConfigurationIsVisible = 0;
			defaultConfigurationName = Release;
		};
		CC195A5E2BAC36CA002F2CA3 /* Build configuration list for PBXNativeTarget "AiryAI" */ = {
			isa = XCConfigurationList;
			buildConfigurations = (
				CC195A5F2BAC36CA002F2CA3 /* Debug */,
				CC195A602BAC36CA002F2CA3 /* Release */,
			);
			defaultConfigurationIsVisible = 0;
			defaultConfigurationName = Release;
		};
/* End XCConfigurationList section */

/* Begin XCRemoteSwiftPackageReference section */
		CC89C4A42BAD73E00093F612 /* XCRemoteSwiftPackageReference "generative-ai-swift" */ = {
			isa = XCRemoteSwiftPackageReference;
			repositoryURL = "https://github.com/google/generative-ai-swift";
			requirement = {
				kind = upToNextMajorVersion;
				minimumVersion = 0.4.8;
			};
		};
		CC974CBF2BAC5C7000B37129 /* XCRemoteSwiftPackageReference "firebase-ios-sdk" */ = {
			isa = XCRemoteSwiftPackageReference;
			repositoryURL = "https://github.com/firebase/firebase-ios-sdk";
			requirement = {
				kind = upToNextMajorVersion;
				minimumVersion = 10.23.0;
			};
		};
		CC974CF62BAC5C8B00B37129 /* XCRemoteSwiftPackageReference "GoogleSignIn-iOS" */ = {
			isa = XCRemoteSwiftPackageReference;
			repositoryURL = "https://github.com/google/GoogleSignIn-iOS.git";
			requirement = {
				kind = upToNextMajorVersion;
				minimumVersion = 7.0.0;
			};
		};
		CC974D062BAC609D00B37129 /* XCRemoteSwiftPackageReference "spline-ios" */ = {
			isa = XCRemoteSwiftPackageReference;
			repositoryURL = "https://github.com/splinetool/spline-ios";
			requirement = {
				branch = main;
				kind = branch;
			};
		};
/* End XCRemoteSwiftPackageReference section */

/* Begin XCSwiftPackageProductDependency section */
		CC89C4A52BAD73E00093F612 /* GoogleGenerativeAI */ = {
			isa = XCSwiftPackageProductDependency;
			package = CC89C4A42BAD73E00093F612 /* XCRemoteSwiftPackageReference "generative-ai-swift" */;
			productName = GoogleGenerativeAI;
		};
		CC974CC02BAC5C7000B37129 /* FirebaseAnalytics */ = {
			isa = XCSwiftPackageProductDependency;
			package = CC974CBF2BAC5C7000B37129 /* XCRemoteSwiftPackageReference "firebase-ios-sdk" */;
			productName = FirebaseAnalytics;
		};
		CC974CC22BAC5C7000B37129 /* FirebaseAnalyticsOnDeviceConversion */ = {
			isa = XCSwiftPackageProductDependency;
			package = CC974CBF2BAC5C7000B37129 /* XCRemoteSwiftPackageReference "firebase-ios-sdk" */;
			productName = FirebaseAnalyticsOnDeviceConversion;
		};
		CC974CC42BAC5C7000B37129 /* FirebaseAnalyticsSwift */ = {
			isa = XCSwiftPackageProductDependency;
			package = CC974CBF2BAC5C7000B37129 /* XCRemoteSwiftPackageReference "firebase-ios-sdk" */;
			productName = FirebaseAnalyticsSwift;
		};
		CC974CC62BAC5C7000B37129 /* FirebaseAnalyticsWithoutAdIdSupport */ = {
			isa = XCSwiftPackageProductDependency;
			package = CC974CBF2BAC5C7000B37129 /* XCRemoteSwiftPackageReference "firebase-ios-sdk" */;
			productName = FirebaseAnalyticsWithoutAdIdSupport;
		};
		CC974CC82BAC5C7000B37129 /* FirebaseAppCheck */ = {
			isa = XCSwiftPackageProductDependency;
			package = CC974CBF2BAC5C7000B37129 /* XCRemoteSwiftPackageReference "firebase-ios-sdk" */;
			productName = FirebaseAppCheck;
		};
		CC974CCA2BAC5C7000B37129 /* FirebaseAppDistribution-Beta */ = {
			isa = XCSwiftPackageProductDependency;
			package = CC974CBF2BAC5C7000B37129 /* XCRemoteSwiftPackageReference "firebase-ios-sdk" */;
			productName = "FirebaseAppDistribution-Beta";
		};
		CC974CCC2BAC5C7000B37129 /* FirebaseAuth */ = {
			isa = XCSwiftPackageProductDependency;
			package = CC974CBF2BAC5C7000B37129 /* XCRemoteSwiftPackageReference "firebase-ios-sdk" */;
			productName = FirebaseAuth;
		};
		CC974CCE2BAC5C7000B37129 /* FirebaseAuthCombine-Community */ = {
			isa = XCSwiftPackageProductDependency;
			package = CC974CBF2BAC5C7000B37129 /* XCRemoteSwiftPackageReference "firebase-ios-sdk" */;
			productName = "FirebaseAuthCombine-Community";
		};
		CC974CD02BAC5C7000B37129 /* FirebaseCrashlytics */ = {
			isa = XCSwiftPackageProductDependency;
			package = CC974CBF2BAC5C7000B37129 /* XCRemoteSwiftPackageReference "firebase-ios-sdk" */;
			productName = FirebaseCrashlytics;
		};
		CC974CD22BAC5C7000B37129 /* FirebaseDatabase */ = {
			isa = XCSwiftPackageProductDependency;
			package = CC974CBF2BAC5C7000B37129 /* XCRemoteSwiftPackageReference "firebase-ios-sdk" */;
			productName = FirebaseDatabase;
		};
		CC974CD42BAC5C7000B37129 /* FirebaseDatabaseSwift */ = {
			isa = XCSwiftPackageProductDependency;
			package = CC974CBF2BAC5C7000B37129 /* XCRemoteSwiftPackageReference "firebase-ios-sdk" */;
			productName = FirebaseDatabaseSwift;
		};
		CC974CD62BAC5C7000B37129 /* FirebaseDynamicLinks */ = {
			isa = XCSwiftPackageProductDependency;
			package = CC974CBF2BAC5C7000B37129 /* XCRemoteSwiftPackageReference "firebase-ios-sdk" */;
			productName = FirebaseDynamicLinks;
		};
		CC974CD82BAC5C7000B37129 /* FirebaseFirestore */ = {
			isa = XCSwiftPackageProductDependency;
			package = CC974CBF2BAC5C7000B37129 /* XCRemoteSwiftPackageReference "firebase-ios-sdk" */;
			productName = FirebaseFirestore;
		};
		CC974CDA2BAC5C7000B37129 /* FirebaseFirestoreCombine-Community */ = {
			isa = XCSwiftPackageProductDependency;
			package = CC974CBF2BAC5C7000B37129 /* XCRemoteSwiftPackageReference "firebase-ios-sdk" */;
			productName = "FirebaseFirestoreCombine-Community";
		};
		CC974CDC2BAC5C7000B37129 /* FirebaseFirestoreSwift */ = {
			isa = XCSwiftPackageProductDependency;
			package = CC974CBF2BAC5C7000B37129 /* XCRemoteSwiftPackageReference "firebase-ios-sdk" */;
			productName = FirebaseFirestoreSwift;
		};
		CC974CDE2BAC5C7000B37129 /* FirebaseFunctions */ = {
			isa = XCSwiftPackageProductDependency;
			package = CC974CBF2BAC5C7000B37129 /* XCRemoteSwiftPackageReference "firebase-ios-sdk" */;
			productName = FirebaseFunctions;
		};
		CC974CE02BAC5C7000B37129 /* FirebaseFunctionsCombine-Community */ = {
			isa = XCSwiftPackageProductDependency;
			package = CC974CBF2BAC5C7000B37129 /* XCRemoteSwiftPackageReference "firebase-ios-sdk" */;
			productName = "FirebaseFunctionsCombine-Community";
		};
		CC974CE22BAC5C7000B37129 /* FirebaseInAppMessaging-Beta */ = {
			isa = XCSwiftPackageProductDependency;
			package = CC974CBF2BAC5C7000B37129 /* XCRemoteSwiftPackageReference "firebase-ios-sdk" */;
			productName = "FirebaseInAppMessaging-Beta";
		};
		CC974CE42BAC5C7000B37129 /* FirebaseInAppMessagingSwift-Beta */ = {
			isa = XCSwiftPackageProductDependency;
			package = CC974CBF2BAC5C7000B37129 /* XCRemoteSwiftPackageReference "firebase-ios-sdk" */;
			productName = "FirebaseInAppMessagingSwift-Beta";
		};
		CC974CE62BAC5C7000B37129 /* FirebaseInstallations */ = {
			isa = XCSwiftPackageProductDependency;
			package = CC974CBF2BAC5C7000B37129 /* XCRemoteSwiftPackageReference "firebase-ios-sdk" */;
			productName = FirebaseInstallations;
		};
		CC974CE82BAC5C7000B37129 /* FirebaseMLModelDownloader */ = {
			isa = XCSwiftPackageProductDependency;
			package = CC974CBF2BAC5C7000B37129 /* XCRemoteSwiftPackageReference "firebase-ios-sdk" */;
			productName = FirebaseMLModelDownloader;
		};
		CC974CEA2BAC5C7000B37129 /* FirebaseMessaging */ = {
			isa = XCSwiftPackageProductDependency;
			package = CC974CBF2BAC5C7000B37129 /* XCRemoteSwiftPackageReference "firebase-ios-sdk" */;
			productName = FirebaseMessaging;
		};
		CC974CEC2BAC5C7000B37129 /* FirebasePerformance */ = {
			isa = XCSwiftPackageProductDependency;
			package = CC974CBF2BAC5C7000B37129 /* XCRemoteSwiftPackageReference "firebase-ios-sdk" */;
			productName = FirebasePerformance;
		};
		CC974CEE2BAC5C7000B37129 /* FirebaseRemoteConfig */ = {
			isa = XCSwiftPackageProductDependency;
			package = CC974CBF2BAC5C7000B37129 /* XCRemoteSwiftPackageReference "firebase-ios-sdk" */;
			productName = FirebaseRemoteConfig;
		};
		CC974CF02BAC5C7000B37129 /* FirebaseRemoteConfigSwift */ = {
			isa = XCSwiftPackageProductDependency;
			package = CC974CBF2BAC5C7000B37129 /* XCRemoteSwiftPackageReference "firebase-ios-sdk" */;
			productName = FirebaseRemoteConfigSwift;
		};
		CC974CF22BAC5C7000B37129 /* FirebaseStorage */ = {
			isa = XCSwiftPackageProductDependency;
			package = CC974CBF2BAC5C7000B37129 /* XCRemoteSwiftPackageReference "firebase-ios-sdk" */;
			productName = FirebaseStorage;
		};
		CC974CF42BAC5C7000B37129 /* FirebaseStorageCombine-Community */ = {
			isa = XCSwiftPackageProductDependency;
			package = CC974CBF2BAC5C7000B37129 /* XCRemoteSwiftPackageReference "firebase-ios-sdk" */;
			productName = "FirebaseStorageCombine-Community";
		};
		CC974CF72BAC5C8B00B37129 /* GoogleSignIn */ = {
			isa = XCSwiftPackageProductDependency;
			package = CC974CF62BAC5C8B00B37129 /* XCRemoteSwiftPackageReference "GoogleSignIn-iOS" */;
			productName = GoogleSignIn;
		};
		CC974CF92BAC5C8B00B37129 /* GoogleSignInSwift */ = {
			isa = XCSwiftPackageProductDependency;
			package = CC974CF62BAC5C8B00B37129 /* XCRemoteSwiftPackageReference "GoogleSignIn-iOS" */;
			productName = GoogleSignInSwift;
		};
/* End XCSwiftPackageProductDependency section */
	};
	rootObject = CC195A482BAC36C8002F2CA3 /* Project object */;
}
